
Microsoft Visual Studio Solution File, Format Version 12.00
# Visual Studio Version 17
VisualStudioVersion = 17.3.32825.248
MinimumVisualStudioVersion = 10.0.40219.1
Project("{FAE04EC0-301F-11D3-BF4B-00C04F79EFBC}") = "HoddleBackend", "HoddleBackend\HoddleBackend.csproj", "{EF0BE3E1-0306-4A37-A2DB-018D743A4756}"
EndProject
Global
	GlobalSection(SolutionConfigurationPlatforms) = preSolution
		Debug|Any CPU = Debug|Any CPU
		Release|Any CPU = Release|Any CPU
	EndGlobalSection
	GlobalSection(ProjectConfigurationPlatforms) = postSolution
		{EF0BE3E1-0306-4A37-A2DB-018D743A4756}.Debug|Any CPU.ActiveCfg = Debug|Any CPU
		{EF0BE3E1-0306-4A37-A2DB-018D743A4756}.Debug|Any CPU.Build.0 = Debug|Any CPU
		{EF0BE3E1-0306-4A37-A2DB-018D743A4756}.Release|Any CPU.ActiveCfg = Release|Any CPU
		{EF0BE3E1-0306-4A37-A2DB-018D743A4756}.Release|Any CPU.Build.0 = Release|Any CPU
	EndGlobalSection
	GlobalSection(SolutionProperties) = preSolution
		HideSolutionNode = FALSE
	EndGlobalSection
	GlobalSection(ExtensibilityGlobals) = postSolution
		SolutionGuid = {0B838A51-0F48-4D99-A1F0-9F2A1FC0CB30}
	EndGlobalSection
EndGlobal
